
Microsoft Visual Studio Solution File, Format Version 12.00
# Visual Studio Version 16
VisualStudioVersion = 16.0.810.22
MinimumVisualStudioVersion = 10.0.40219.1
Project("{FAE04EC0-301F-11D3-BF4B-00C04F79EFBC}") = "KolokwiumPrzykladowe", "KolokwiumPrzykladowe\KolokwiumPrzykladowe.csproj", "{B66D6FE0-A4E5-4017-9887-158FAA72663C}"
EndProject
Global
	GlobalSection(SolutionConfigurationPlatforms) = preSolution
		Debug|Any CPU = Debug|Any CPU
		Release|Any CPU = Release|Any CPU
	EndGlobalSection
	GlobalSection(ProjectConfigurationPlatforms) = postSolution
		{B66D6FE0-A4E5-4017-9887-158FAA72663C}.Debug|Any CPU.ActiveCfg = Debug|Any CPU
		{B66D6FE0-A4E5-4017-9887-158FAA72663C}.Debug|Any CPU.Build.0 = Debug|Any CPU
		{B66D6FE0-A4E5-4017-9887-158FAA72663C}.Release|Any CPU.ActiveCfg = Release|Any CPU
		{B66D6FE0-A4E5-4017-9887-158FAA72663C}.Release|Any CPU.Build.0 = Release|Any CPU
	EndGlobalSection
	GlobalSection(SolutionProperties) = preSolution
		HideSolutionNode = FALSE
	EndGlobalSection
	GlobalSection(ExtensibilityGlobals) = postSolution
		SolutionGuid = {52C21B05-7D09-4BE5-A88B-C2C552C1A180}
	EndGlobalSection
EndGlobal
